<?xml version="1.0" encoding="utf-8"?>
<Project ToolsVersion="4.0" xmlns="http://schemas.microsoft.com/developer/msbuild/2003">
  <ItemGroup>
    <None Include=".gitignore" />
  </ItemGroup>
  <ItemGroup>
    <ClInclude Include="Stack.h" />
    <ClInclude Include="Queue.h" />
    <ClInclude Include="PriQueue.h" />
    <ClInclude Include="Patient.h" />
    <ClInclude Include="Resource.h" />
    <ClInclude Include="EarlyPriQueue.h" />
    <ClInclude Include="EUWaitingQueue.h" />
    <ClInclude Include="Scheduler.h" />
    <ClInclude Include="Treatment.h" />
    <ClInclude Include="UI.h" />
    <ClInclude Include="XWaitingQueue.h" />
    <ClInclude Include="XResource.h" />
    <ClInclude Include="ETreatment.h" />
    <ClInclude Include="UTreatment.h" />
    <ClInclude Include="XTreatment.h" />
  </ItemGroup>
  <ItemGroup>
    <ClCompile Include="main.cpp" />
    <ClCompile Include="Patient.cpp" />
    <ClCompile Include="Resource.cpp" />
    <ClCompile Include="Scheduler.cpp" />
    <ClCompile Include="Treatment.cpp" />
    <ClCompile Include="XResource.cpp" />
    <ClCompile Include="ETreatment.cpp" />
    <ClCompile Include="UTreatment.cpp" />
    <ClCompile Include="XTreatment.cpp" />
    <ClCompile Include="ToolTreatment.h" />
  </ItemGroup>
</Project>